PODS:
  - AFNetworking (2.5.4):
    - AFNetworking/NSURLConnection (= 2.5.4)
    - AFNetworking/NSURLSession (= 2.5.4)
    - AFNetworking/Reachability (= 2.5.4)
    - AFNetworking/Security (= 2.5.4)
    - AFNetworking/Serialization (= 2.5.4)
    - AFNetworking/UIKit (= 2.5.4)
  - AFNetworking/NSURLConnection (2.5.4):
    - AFNetworking/Reachability
    - AFNetworking/Security
    - AFNetworking/Serialization
  - AFNetworking/NSURLSession (2.5.4):
    - AFNetworking/Reachability
    - AFNetworking/Security
    - AFNetworking/Serialization
  - AFNetworking/Reachability (2.5.4)
  - AFNetworking/Security (2.5.4)
  - AFNetworking/Serialization (2.5.4)
  - AFNetworking/UIKit (2.5.4):
    - AFNetworking/NSURLConnection
    - AFNetworking/NSURLSession
  - AVOSCloud (3.3.4)
  - AVOSCloudSNS (3.1.2.9):
    - AVOSCloud
  - FMDB (2.6.2):
    - FMDB/standard (= 2.6.2)
  - FMDB/standard (2.6.2)

DEPENDENCIES:
  - AFNetworking
  - AVOSCloud
  - AVOSCloudSNS
  - FMDB

SPEC CHECKSUMS:
  AFNetworking: 05edc0ac4c4c8cf57bcf4b84be5b0744b6d8e71e
  AVOSCloud: d501e7f43719884b748214d3cb5a3da18a20fb46
  AVOSCloudSNS: 4f9f1df8663fc7bfa76b9b38578ac535d275ee8f
  FMDB: 854a0341b4726e53276f2a8996f06f1b80f9259a

PODFILE CHECKSUM: 7e9c39c004b6096e11a3f36895c2162a97089986

COCOAPODS: 1.0.1
